// !$*UTF8*$!
{
	archiveVersion = 1;
	classes = {
	};
	objectVersion = 55;
	objects = {

/* Begin PBXBuildFile section */
		C34C2D35288D52B300866432 /* ChangeNickNameViewController.swift in Sources */ = {isa = PBXBuildFile; fileRef = C34C2D34288D52B300866432 /* ChangeNickNameViewController.swift */; };
		C35FC8C0289416CB0037F07C /* .npmignore in Resources */ = {isa = PBXBuildFile; fileRef = C35FC869289416CB0037F07C /* .npmignore */; };
		C35FC8C1289416CB0037F07C /* index.html in Resources */ = {isa = PBXBuildFile; fileRef = C35FC86A289416CB0037F07C /* index.html */; };
		C35FC8C2289416CB0037F07C /* Galmuri11.woff2 in Resources */ = {isa = PBXBuildFile; fileRef = C35FC86C289416CB0037F07C /* Galmuri11.woff2 */; };
		C35FC8C3289416CB0037F07C /* Galmuri7.woff2 in Resources */ = {isa = PBXBuildFile; fileRef = C35FC86D289416CB0037F07C /* Galmuri7.woff2 */; };
		C35FC8C4289416CB0037F07C /* Galmuri11-Condensed.bdf in Resources */ = {isa = PBXBuildFile; fileRef = C35FC86E289416CB0037F07C /* Galmuri11-Condensed.bdf */; };
		C35FC8C5289416CB0037F07C /* galmuri.css in Resources */ = {isa = PBXBuildFile; fileRef = C35FC86F289416CB0037F07C /* galmuri.css */; };
		C35FC8C6289416CB0037F07C /* Galmuri.ttc in Resources */ = {isa = PBXBuildFile; fileRef = C35FC870289416CB0037F07C /* Galmuri.ttc */; };
		C35FC8C7289416CB0037F07C /* Galmuri11-Bold.bdf in Resources */ = {isa = PBXBuildFile; fileRef = C35FC871289416CB0037F07C /* Galmuri11-Bold.bdf */; };
		C35FC8C8289416CB0037F07C /* Galmuri11.ttf in Resources */ = {isa = PBXBuildFile; fileRef = C35FC872289416CB0037F07C /* Galmuri11.ttf */; };
		C35FC8C9289416CB0037F07C /* Galmuri7.ttf in Resources */ = {isa = PBXBuildFile; fileRef = C35FC873289416CB0037F07C /* Galmuri7.ttf */; };
		C35FC8CA289416CB0037F07C /* Galmuri9.bdf in Resources */ = {isa = PBXBuildFile; fileRef = C35FC874289416CB0037F07C /* Galmuri9.bdf */; };
		C35FC8CB289416CB0037F07C /* Galmuri11-Bold.ttf in Resources */ = {isa = PBXBuildFile; fileRef = C35FC875289416CB0037F07C /* Galmuri11-Bold.ttf */; };
		C35FC8CC289416CB0037F07C /* Galmuri7.bdf in Resources */ = {isa = PBXBuildFile; fileRef = C35FC876289416CB0037F07C /* Galmuri7.bdf */; };
		C35FC8CD289416CB0037F07C /* Galmuri9.ttf in Resources */ = {isa = PBXBuildFile; fileRef = C35FC877289416CB0037F07C /* Galmuri9.ttf */; };
		C35FC8CE289416CB0037F07C /* Galmuri11.bdf in Resources */ = {isa = PBXBuildFile; fileRef = C35FC878289416CB0037F07C /* Galmuri11.bdf */; };
		C35FC8CF289416CB0037F07C /* Galmuri11-Bold.woff2 in Resources */ = {isa = PBXBuildFile; fileRef = C35FC879289416CB0037F07C /* Galmuri11-Bold.woff2 */; };
		C35FC8D0289416CB0037F07C /* Galmuri11-Condensed.ttf in Resources */ = {isa = PBXBuildFile; fileRef = C35FC87A289416CB0037F07C /* Galmuri11-Condensed.ttf */; };
		C35FC8D1289416CB0037F07C /* Galmuri9.woff2 in Resources */ = {isa = PBXBuildFile; fileRef = C35FC87B289416CB0037F07C /* Galmuri9.woff2 */; };
		C35FC8D2289416CB0037F07C /* LICENSE.txt in Resources */ = {isa = PBXBuildFile; fileRef = C35FC87C289416CB0037F07C /* LICENSE.txt */; };
		C35FC8D3289416CB0037F07C /* Galmuri11-Condensed.woff2 in Resources */ = {isa = PBXBuildFile; fileRef = C35FC87D289416CB0037F07C /* Galmuri11-Condensed.woff2 */; };
		C35FC8D4289416CB0037F07C /* CNAME in Resources */ = {isa = PBXBuildFile; fileRef = C35FC87E289416CB0037F07C /* CNAME */; };
		C35FC8D5289416CB0037F07C /* .gitmodules in Resources */ = {isa = PBXBuildFile; fileRef = C35FC87F289416CB0037F07C /* .gitmodules */; };
		C35FC8D6289416CB0037F07C /* README.md in Resources */ = {isa = PBXBuildFile; fileRef = C35FC880289416CB0037F07C /* README.md */; };
		C35FC8D7289416CB0037F07C /* en.html in Resources */ = {isa = PBXBuildFile; fileRef = C35FC882289416CB0037F07C /* en.html */; };
		C35FC8D8289416CB0037F07C /* glyphs.html in Resources */ = {isa = PBXBuildFile; fileRef = C35FC883289416CB0037F07C /* glyphs.html */; };
		C35FC8D9289416CB0037F07C /* package-lock.json in Resources */ = {isa = PBXBuildFile; fileRef = C35FC884289416CB0037F07C /* package-lock.json */; };
		C35FC8DA289416CB0037F07C /* package.json in Resources */ = {isa = PBXBuildFile; fileRef = C35FC885289416CB0037F07C /* package.json */; };
		C35FC8DB289416CB0037F07C /* OFL-ko.md in Resources */ = {isa = PBXBuildFile; fileRef = C35FC886289416CB0037F07C /* OFL-ko.md */; };
		C35FC8DC289416CB0037F07C /* FUNDING.yml in Resources */ = {isa = PBXBuildFile; fileRef = C35FC888289416CB0037F07C /* FUNDING.yml */; };
		C35FC8DD289416CB0037F07C /* release.yml in Resources */ = {isa = PBXBuildFile; fileRef = C35FC88A289416CB0037F07C /* release.yml */; };
		C35FC8DE289416CB0037F07C /* dependabot.yml in Resources */ = {isa = PBXBuildFile; fileRef = C35FC88B289416CB0037F07C /* dependabot.yml */; };
		C35FC8DF289416CB0037F07C /* bitmap.ff in Resources */ = {isa = PBXBuildFile; fileRef = C35FC88D289416CB0037F07C /* bitmap.ff */; };
		C35FC8E0289416CB0037F07C /* toss.svg in Resources */ = {isa = PBXBuildFile; fileRef = C35FC88E289416CB0037F07C /* toss.svg */; };
		C35FC8E1289416CB0037F07C /* g11.ini in Resources */ = {isa = PBXBuildFile; fileRef = C35FC88F289416CB0037F07C /* g11.ini */; };
		C35FC8E2289416CB0037F07C /* g11b.fea in Resources */ = {isa = PBXBuildFile; fileRef = C35FC890289416CB0037F07C /* g11b.fea */; };
		C35FC8E3289416CB0037F07C /* g11c.fea in Resources */ = {isa = PBXBuildFile; fileRef = C35FC891289416CB0037F07C /* g11c.fea */; };
		C35FC8E4289416CB0037F07C /* noonnu.png in Resources */ = {isa = PBXBuildFile; fileRef = C35FC892289416CB0037F07C /* noonnu.png */; };
		C35FC8E5289416CB0037F07C /* version.py in Resources */ = {isa = PBXBuildFile; fileRef = C35FC893289416CB0037F07C /* version.py */; };
		C35FC8E6289416CB0037F07C /* g11.fea in Resources */ = {isa = PBXBuildFile; fileRef = C35FC894289416CB0037F07C /* g11.fea */; };
		C35FC8E7289416CB0037F07C /* g11b.ini in Resources */ = {isa = PBXBuildFile; fileRef = C35FC895289416CB0037F07C /* g11b.ini */; };
		C35FC8E8289416CB0037F07C /* g11c.ini in Resources */ = {isa = PBXBuildFile; fileRef = C35FC896289416CB0037F07C /* g11c.ini */; };
		C35FC8E9289416CB0037F07C /* cover_light.png in Resources */ = {isa = PBXBuildFile; fileRef = C35FC897289416CB0037F07C /* cover_light.png */; };
		C35FC8EA289416CB0037F07C /* g9.fea in Resources */ = {isa = PBXBuildFile; fileRef = C35FC898289416CB0037F07C /* g9.fea */; };
		C35FC8EB289416CB0037F07C /* kakaopay.gif in Resources */ = {isa = PBXBuildFile; fileRef = C35FC899289416CB0037F07C /* kakaopay.gif */; };
		C35FC8EC289416CB0037F07C /* worker.js in Resources */ = {isa = PBXBuildFile; fileRef = C35FC89A289416CB0037F07C /* worker.js */; };
		C35FC8ED289416CB0037F07C /* bdf.js in Resources */ = {isa = PBXBuildFile; fileRef = C35FC89B289416CB0037F07C /* bdf.js */; };
		C35FC8EE289416CB0037F07C /* fontforge.ff in Resources */ = {isa = PBXBuildFile; fileRef = C35FC89C289416CB0037F07C /* fontforge.ff */; };
		C35FC8EF289416CB0037F07C /* galmuri.svg in Resources */ = {isa = PBXBuildFile; fileRef = C35FC89D289416CB0037F07C /* galmuri.svg */; };
		C35FC8F0289416CB0037F07C /* g9.ini in Resources */ = {isa = PBXBuildFile; fileRef = C35FC89E289416CB0037F07C /* g9.ini */; };
		C35FC8F1289416CB0037F07C /* q.svg in Resources */ = {isa = PBXBuildFile; fileRef = C35FC89F289416CB0037F07C /* q.svg */; };
		C35FC8F2289416CB0037F07C /* FontMenuNameDB in Resources */ = {isa = PBXBuildFile; fileRef = C35FC8A0289416CB0037F07C /* FontMenuNameDB */; };
		C35FC8F3289416CB0037F07C /* cover_dark.png in Resources */ = {isa = PBXBuildFile; fileRef = C35FC8A1289416CB0037F07C /* cover_dark.png */; };
		C35FC8F4289416CB0037F07C /* g7.ini in Resources */ = {isa = PBXBuildFile; fileRef = C35FC8A2289416CB0037F07C /* g7.ini */; };
		C35FC8F5289416CB0037F07C /* AdobeBlank.woff in Resources */ = {isa = PBXBuildFile; fileRef = C35FC8A3289416CB0037F07C /* AdobeBlank.woff */; };
		C35FC8F6289416CB0037F07C /* g7.fea in Resources */ = {isa = PBXBuildFile; fileRef = C35FC8A4289416CB0037F07C /* g7.fea */; };
		C35FC8F7289416CB0037F07C /* kakaopay.svg in Resources */ = {isa = PBXBuildFile; fileRef = C35FC8A5289416CB0037F07C /* kakaopay.svg */; };
		C35FC8F8289416CB0037F07C /* style.css in Resources */ = {isa = PBXBuildFile; fileRef = C35FC8A6289416CB0037F07C /* style.css */; };
		C35FC8F9289416CB0037F07C /* cover.png in Resources */ = {isa = PBXBuildFile; fileRef = C35FC8A7289416CB0037F07C /* cover.png */; };
		C35FC8FA289416CB0037F07C /* bgs.png in Resources */ = {isa = PBXBuildFile; fileRef = C35FC8A8289416CB0037F07C /* bgs.png */; };
		C35FC8FB289416CB0037F07C /* sandoll.png in Resources */ = {isa = PBXBuildFile; fileRef = C35FC8A9289416CB0037F07C /* sandoll.png */; };
		C35FC8FC289416CB0037F07C /* 210105.jpg in Resources */ = {isa = PBXBuildFile; fileRef = C35FC8AB289416CB0037F07C /* 210105.jpg */; };
		C35FC8FD289416CB0037F07C /* 201221.jpg in Resources */ = {isa = PBXBuildFile; fileRef = C35FC8AC289416CB0037F07C /* 201221.jpg */; };
		C35FC8FE289416CB0037F07C /* 210302.jpg in Resources */ = {isa = PBXBuildFile; fileRef = C35FC8AD289416CB0037F07C /* 210302.jpg */; };
		C35FC8FF289416CB0037F07C /* 220507.png in Resources */ = {isa = PBXBuildFile; fileRef = C35FC8AE289416CB0037F07C /* 220507.png */; };
		C35FC900289416CB0037F07C /* 200223.png in Resources */ = {isa = PBXBuildFile; fileRef = C35FC8AF289416CB0037F07C /* 200223.png */; };
		C35FC901289416CB0037F07C /* 210223.jpg in Resources */ = {isa = PBXBuildFile; fileRef = C35FC8B0289416CB0037F07C /* 210223.jpg */; };
		C35FC902289416CB0037F07C /* 200622.jpg in Resources */ = {isa = PBXBuildFile; fileRef = C35FC8B1289416CB0037F07C /* 200622.jpg */; };
		C35FC903289416CB0037F07C /* 220621.jpg in Resources */ = {isa = PBXBuildFile; fileRef = C35FC8B2289416CB0037F07C /* 220621.jpg */; };
		C35FC904289416CB0037F07C /* 220220.jpg in Resources */ = {isa = PBXBuildFile; fileRef = C35FC8B3289416CB0037F07C /* 220220.jpg */; };
		C35FC905289416CB0037F07C /* donate.png in Resources */ = {isa = PBXBuildFile; fileRef = C35FC8B4289416CB0037F07C /* donate.png */; };
		C35FC906289416CB0037F07C /* bg.png in Resources */ = {isa = PBXBuildFile; fileRef = C35FC8B5289416CB0037F07C /* bg.png */; };
		C35FC907289416CB0037F07C /* toss.gif in Resources */ = {isa = PBXBuildFile; fileRef = C35FC8B6289416CB0037F07C /* toss.gif */; };
		C35FC908289416CB0037F07C /* OFL.md in Resources */ = {isa = PBXBuildFile; fileRef = C35FC8B7289416CB0037F07C /* OFL.md */; };
		C35FC909289416CB0037F07C /* THIRD-PARTY-LICENSES.txt in Resources */ = {isa = PBXBuildFile; fileRef = C35FC8B8289416CB0037F07C /* THIRD-PARTY-LICENSES.txt */; };
		C35FC90A289416CB0037F07C /* sponsors.md in Resources */ = {isa = PBXBuildFile; fileRef = C35FC8B9289416CB0037F07C /* sponsors.md */; };
		C35FC90B289416CB0037F07C /* Galmuri11.kbits in Resources */ = {isa = PBXBuildFile; fileRef = C35FC8BB289416CB0037F07C /* Galmuri11.kbits */; };
		C35FC90C289416CB0037F07C /* Galmuri7.kbits in Resources */ = {isa = PBXBuildFile; fileRef = C35FC8BC289416CB0037F07C /* Galmuri7.kbits */; };
		C35FC90D289416CB0037F07C /* Galmuri11-Bold.kbits in Resources */ = {isa = PBXBuildFile; fileRef = C35FC8BD289416CB0037F07C /* Galmuri11-Bold.kbits */; };
		C35FC90E289416CB0037F07C /* Galmuri9.kbits in Resources */ = {isa = PBXBuildFile; fileRef = C35FC8BE289416CB0037F07C /* Galmuri9.kbits */; };
		C35FC90F289416CB0037F07C /* Galmuri11-Condensed.kbits in Resources */ = {isa = PBXBuildFile; fileRef = C35FC8BF289416CB0037F07C /* Galmuri11-Condensed.kbits */; };
		C362ADC3288A7A2B00A0D917 /* AppDelegate.swift in Sources */ = {isa = PBXBuildFile; fileRef = C362ADC2288A7A2B00A0D917 /* AppDelegate.swift */; };
		C362ADC5288A7A2B00A0D917 /* SceneDelegate.swift in Sources */ = {isa = PBXBuildFile; fileRef = C362ADC4288A7A2B00A0D917 /* SceneDelegate.swift */; };
		C362ADC7288A7A2B00A0D917 /* ViewController.swift in Sources */ = {isa = PBXBuildFile; fileRef = C362ADC6288A7A2B00A0D917 /* ViewController.swift */; };
		C362ADCA288A7A2B00A0D917 /* Main.storyboard in Resources */ = {isa = PBXBuildFile; fileRef = C362ADC8288A7A2B00A0D917 /* Main.storyboard */; };
		C362ADCC288A7A2C00A0D917 /* Assets.xcassets in Resources */ = {isa = PBXBuildFile; fileRef = C362ADCB288A7A2C00A0D917 /* Assets.xcassets */; };
		C362ADCF288A7A2C00A0D917 /* LaunchScreen.storyboard in Resources */ = {isa = PBXBuildFile; fileRef = C362ADCD288A7A2C00A0D917 /* LaunchScreen.storyboard */; };
		C362ADDB288A931000A0D917 /* EntryCollectionViewController.swift in Sources */ = {isa = PBXBuildFile; fileRef = C362ADDA288A931000A0D917 /* EntryCollectionViewController.swift */; };
		C362ADDD288A935600A0D917 /* EntryCollectionViewCell.swift in Sources */ = {isa = PBXBuildFile; fileRef = C362ADDC288A935600A0D917 /* EntryCollectionViewCell.swift */; };
		C362ADDF288A94DC00A0D917 /* TamagochiDetails.swift in Sources */ = {isa = PBXBuildFile; fileRef = C362ADDE288A94DC00A0D917 /* TamagochiDetails.swift */; };
		C362ADE2288AAD8400A0D917 /* CustomAlertView.xib in Resources */ = {isa = PBXBuildFile; fileRef = C362ADE1288AAD8400A0D917 /* CustomAlertView.xib */; };
		C362ADE4288AADA300A0D917 /* CustomAlertView.swift in Sources */ = {isa = PBXBuildFile; fileRef = C362ADE3288AADA300A0D917 /* CustomAlertView.swift */; };
		C362ADE6288ABFA500A0D917 /* AlertView.swift in Sources */ = {isa = PBXBuildFile; fileRef = C362ADE5288ABFA500A0D917 /* AlertView.swift */; };
		C362ADE8288ADF9100A0D917 /* PopUpViewController.swift in Sources */ = {isa = PBXBuildFile; fileRef = C362ADE7288ADF9100A0D917 /* PopUpViewController.swift */; };
		C362ADED288BB5C100A0D917 /* MainGameViewController.swift in Sources */ = {isa = PBXBuildFile; fileRef = C362ADEC288BB5C100A0D917 /* MainGameViewController.swift */; };
		C362ADEF288C619B00A0D917 /* SettingTableViewController.swift in Sources */ = {isa = PBXBuildFile; fileRef = C362ADEE288C619B00A0D917 /* SettingTableViewController.swift */; };
		C362ADF1288C61A900A0D917 /* SettingTableViewCell.swift in Sources */ = {isa = PBXBuildFile; fileRef = C362ADF0288C61A900A0D917 /* SettingTableViewCell.swift */; };
/* End PBXBuildFile section */

/* Begin PBXFileReference section */
		C34C2D34288D52B300866432 /* ChangeNickNameViewController.swift */ = {isa = PBXFileReference; lastKnownFileType = sourcecode.swift; path = ChangeNickNameViewController.swift; sourceTree = "<group>"; };
		C35FC869289416CB0037F07C /* .npmignore */ = {isa = PBXFileReference; fileEncoding = 4; lastKnownFileType = text; path = .npmignore; sourceTree = "<group>"; };
		C35FC86A289416CB0037F07C /* index.html */ = {isa = PBXFileReference; fileEncoding = 4; lastKnownFileType = text.html; path = index.html; sourceTree = "<group>"; };
		C35FC86C289416CB0037F07C /* Galmuri11.woff2 */ = {isa = PBXFileReference; lastKnownFileType = file; path = Galmuri11.woff2; sourceTree = "<group>"; };
		C35FC86D289416CB0037F07C /* Galmuri7.woff2 */ = {isa = PBXFileReference; lastKnownFileType = file; path = Galmuri7.woff2; sourceTree = "<group>"; };
		C35FC86E289416CB0037F07C /* Galmuri11-Condensed.bdf */ = {isa = PBXFileReference; fileEncoding = 4; lastKnownFileType = text; path = "Galmuri11-Condensed.bdf"; sourceTree = "<group>"; };
		C35FC86F289416CB0037F07C /* galmuri.css */ = {isa = PBXFileReference; fileEncoding = 4; lastKnownFileType = text.css; path = galmuri.css; sourceTree = "<group>"; };
		C35FC870289416CB0037F07C /* Galmuri.ttc */ = {isa = PBXFileReference; lastKnownFileType = file; path = Galmuri.ttc; sourceTree = "<group>"; };
		C35FC871289416CB0037F07C /* Galmuri11-Bold.bdf */ = {isa = PBXFileReference; fileEncoding = 4; lastKnownFileType = text; path = "Galmuri11-Bold.bdf"; sourceTree = "<group>"; };
		C35FC872289416CB0037F07C /* Galmuri11.ttf */ = {isa = PBXFileReference; lastKnownFileType = file; path = Galmuri11.ttf; sourceTree = "<group>"; };
		C35FC873289416CB0037F07C /* Galmuri7.ttf */ = {isa = PBXFileReference; lastKnownFileType = file; path = Galmuri7.ttf; sourceTree = "<group>"; };
		C35FC874289416CB0037F07C /* Galmuri9.bdf */ = {isa = PBXFileReference; fileEncoding = 4; lastKnownFileType = text; path = Galmuri9.bdf; sourceTree = "<group>"; };
		C35FC875289416CB0037F07C /* Galmuri11-Bold.ttf */ = {isa = PBXFileReference; lastKnownFileType = file; path = "Galmuri11-Bold.ttf"; sourceTree = "<group>"; };
		C35FC876289416CB0037F07C /* Galmuri7.bdf */ = {isa = PBXFileReference; fileEncoding = 4; lastKnownFileType = text; path = Galmuri7.bdf; sourceTree = "<group>"; };
		C35FC877289416CB0037F07C /* Galmuri9.ttf */ = {isa = PBXFileReference; lastKnownFileType = file; path = Galmuri9.ttf; sourceTree = "<group>"; };
		C35FC878289416CB0037F07C /* Galmuri11.bdf */ = {isa = PBXFileReference; fileEncoding = 4; lastKnownFileType = text; path = Galmuri11.bdf; sourceTree = "<group>"; };
		C35FC879289416CB0037F07C /* Galmuri11-Bold.woff2 */ = {isa = PBXFileReference; lastKnownFileType = file; path = "Galmuri11-Bold.woff2"; sourceTree = "<group>"; };
		C35FC87A289416CB0037F07C /* Galmuri11-Condensed.ttf */ = {isa = PBXFileReference; lastKnownFileType = file; path = "Galmuri11-Condensed.ttf"; sourceTree = "<group>"; };
		C35FC87B289416CB0037F07C /* Galmuri9.woff2 */ = {isa = PBXFileReference; lastKnownFileType = file; path = Galmuri9.woff2; sourceTree = "<group>"; };
		C35FC87C289416CB0037F07C /* LICENSE.txt */ = {isa = PBXFileReference; fileEncoding = 4; lastKnownFileType = text; path = LICENSE.txt; sourceTree = "<group>"; };
		C35FC87D289416CB0037F07C /* Galmuri11-Condensed.woff2 */ = {isa = PBXFileReference; lastKnownFileType = file; path = "Galmuri11-Condensed.woff2"; sourceTree = "<group>"; };
		C35FC87E289416CB0037F07C /* CNAME */ = {isa = PBXFileReference; fileEncoding = 4; lastKnownFileType = text; path = CNAME; sourceTree = "<group>"; };
		C35FC87F289416CB0037F07C /* .gitmodules */ = {isa = PBXFileReference; fileEncoding = 4; lastKnownFileType = text; path = .gitmodules; sourceTree = "<group>"; };
		C35FC880289416CB0037F07C /* README.md */ = {isa = PBXFileReference; fileEncoding = 4; lastKnownFileType = net.daringfireball.markdown; path = README.md; sourceTree = "<group>"; };
		C35FC882289416CB0037F07C /* en.html */ = {isa = PBXFileReference; fileEncoding = 4; lastKnownFileType = text.html; path = en.html; sourceTree = "<group>"; };
		C35FC883289416CB0037F07C /* glyphs.html */ = {isa = PBXFileReference; fileEncoding = 4; lastKnownFileType = text.html; path = glyphs.html; sourceTree = "<group>"; };
		C35FC884289416CB0037F07C /* package-lock.json */ = {isa = PBXFileReference; fileEncoding = 4; lastKnownFileType = text.json; path = "package-lock.json"; sourceTree = "<group>"; };
		C35FC885289416CB0037F07C /* package.json */ = {isa = PBXFileReference; fileEncoding = 4; lastKnownFileType = text.json; path = package.json; sourceTree = "<group>"; };
		C35FC886289416CB0037F07C /* OFL-ko.md */ = {isa = PBXFileReference; fileEncoding = 4; lastKnownFileType = net.daringfireball.markdown; path = "OFL-ko.md"; sourceTree = "<group>"; };
		C35FC888289416CB0037F07C /* FUNDING.yml */ = {isa = PBXFileReference; fileEncoding = 4; lastKnownFileType = text.yaml; path = FUNDING.yml; sourceTree = "<group>"; };
		C35FC88A289416CB0037F07C /* release.yml */ = {isa = PBXFileReference; fileEncoding = 4; lastKnownFileType = text.yaml; path = release.yml; sourceTree = "<group>"; };
		C35FC88B289416CB0037F07C /* dependabot.yml */ = {isa = PBXFileReference; fileEncoding = 4; lastKnownFileType = text.yaml; path = dependabot.yml; sourceTree = "<group>"; };
		C35FC88D289416CB0037F07C /* bitmap.ff */ = {isa = PBXFileReference; fileEncoding = 4; lastKnownFileType = text; path = bitmap.ff; sourceTree = "<group>"; };
		C35FC88E289416CB0037F07C /* toss.svg */ = {isa = PBXFileReference; fileEncoding = 4; lastKnownFileType = text; path = toss.svg; sourceTree = "<group>"; };
		C35FC88F289416CB0037F07C /* g11.ini */ = {isa = PBXFileReference; fileEncoding = 4; lastKnownFileType = text; path = g11.ini; sourceTree = "<group>"; };
		C35FC890289416CB0037F07C /* g11b.fea */ = {isa = PBXFileReference; fileEncoding = 4; lastKnownFileType = text; path = g11b.fea; sourceTree = "<group>"; };
		C35FC891289416CB0037F07C /* g11c.fea */ = {isa = PBXFileReference; fileEncoding = 4; lastKnownFileType = text; path = g11c.fea; sourceTree = "<group>"; };
		C35FC892289416CB0037F07C /* noonnu.png */ = {isa = PBXFileReference; lastKnownFileType = image.png; path = noonnu.png; sourceTree = "<group>"; };
		C35FC893289416CB0037F07C /* version.py */ = {isa = PBXFileReference; fileEncoding = 4; lastKnownFileType = text.script.python; path = version.py; sourceTree = "<group>"; };
		C35FC894289416CB0037F07C /* g11.fea */ = {isa = PBXFileReference; fileEncoding = 4; lastKnownFileType = text; path = g11.fea; sourceTree = "<group>"; };
		C35FC895289416CB0037F07C /* g11b.ini */ = {isa = PBXFileReference; fileEncoding = 4; lastKnownFileType = text; path = g11b.ini; sourceTree = "<group>"; };
		C35FC896289416CB0037F07C /* g11c.ini */ = {isa = PBXFileReference; fileEncoding = 4; lastKnownFileType = text; path = g11c.ini; sourceTree = "<group>"; };
		C35FC897289416CB0037F07C /* cover_light.png */ = {isa = PBXFileReference; lastKnownFileType = image.png; path = cover_light.png; sourceTree = "<group>"; };
		C35FC898289416CB0037F07C /* g9.fea */ = {isa = PBXFileReference; fileEncoding = 4; lastKnownFileType = text; path = g9.fea; sourceTree = "<group>"; };
		C35FC899289416CB0037F07C /* kakaopay.gif */ = {isa = PBXFileReference; lastKnownFileType = image.gif; path = kakaopay.gif; sourceTree = "<group>"; };
		C35FC89A289416CB0037F07C /* worker.js */ = {isa = PBXFileReference; fileEncoding = 4; lastKnownFileType = sourcecode.javascript; path = worker.js; sourceTree = "<group>"; };
		C35FC89B289416CB0037F07C /* bdf.js */ = {isa = PBXFileReference; fileEncoding = 4; lastKnownFileType = sourcecode.javascript; path = bdf.js; sourceTree = "<group>"; };
		C35FC89C289416CB0037F07C /* fontforge.ff */ = {isa = PBXFileReference; fileEncoding = 4; lastKnownFileType = text; path = fontforge.ff; sourceTree = "<group>"; };
		C35FC89D289416CB0037F07C /* galmuri.svg */ = {isa = PBXFileReference; fileEncoding = 4; lastKnownFileType = text; path = galmuri.svg; sourceTree = "<group>"; };
		C35FC89E289416CB0037F07C /* g9.ini */ = {isa = PBXFileReference; fileEncoding = 4; lastKnownFileType = text; path = g9.ini; sourceTree = "<group>"; };
		C35FC89F289416CB0037F07C /* q.svg */ = {isa = PBXFileReference; fileEncoding = 4; lastKnownFileType = text; path = q.svg; sourceTree = "<group>"; };
		C35FC8A0289416CB0037F07C /* FontMenuNameDB */ = {isa = PBXFileReference; fileEncoding = 4; lastKnownFileType = text; path = FontMenuNameDB; sourceTree = "<group>"; };
		C35FC8A1289416CB0037F07C /* cover_dark.png */ = {isa = PBXFileReference; lastKnownFileType = image.png; path = cover_dark.png; sourceTree = "<group>"; };
		C35FC8A2289416CB0037F07C /* g7.ini */ = {isa = PBXFileReference; fileEncoding = 4; lastKnownFileType = text; path = g7.ini; sourceTree = "<group>"; };
		C35FC8A3289416CB0037F07C /* AdobeBlank.woff */ = {isa = PBXFileReference; lastKnownFileType = file; path = AdobeBlank.woff; sourceTree = "<group>"; };
		C35FC8A4289416CB0037F07C /* g7.fea */ = {isa = PBXFileReference; fileEncoding = 4; lastKnownFileType = text; path = g7.fea; sourceTree = "<group>"; };
		C35FC8A5289416CB0037F07C /* kakaopay.svg */ = {isa = PBXFileReference; fileEncoding = 4; lastKnownFileType = text; path = kakaopay.svg; sourceTree = "<group>"; };
		C35FC8A6289416CB0037F07C /* style.css */ = {isa = PBXFileReference; fileEncoding = 4; lastKnownFileType = text.css; path = style.css; sourceTree = "<group>"; };
		C35FC8A7289416CB0037F07C /* cover.png */ = {isa = PBXFileReference; lastKnownFileType = image.png; path = cover.png; sourceTree = "<group>"; };
		C35FC8A8289416CB0037F07C /* bgs.png */ = {isa = PBXFileReference; lastKnownFileType = image.png; path = bgs.png; sourceTree = "<group>"; };
		C35FC8A9289416CB0037F07C /* sandoll.png */ = {isa = PBXFileReference; lastKnownFileType = image.png; path = sandoll.png; sourceTree = "<group>"; };
		C35FC8AB289416CB0037F07C /* 210105.jpg */ = {isa = PBXFileReference; lastKnownFileType = image.jpeg; path = 210105.jpg; sourceTree = "<group>"; };
		C35FC8AC289416CB0037F07C /* 201221.jpg */ = {isa = PBXFileReference; lastKnownFileType = image.jpeg; path = 201221.jpg; sourceTree = "<group>"; };
		C35FC8AD289416CB0037F07C /* 210302.jpg */ = {isa = PBXFileReference; lastKnownFileType = image.jpeg; path = 210302.jpg; sourceTree = "<group>"; };
		C35FC8AE289416CB0037F07C /* 220507.png */ = {isa = PBXFileReference; lastKnownFileType = image.png; path = 220507.png; sourceTree = "<group>"; };
		C35FC8AF289416CB0037F07C /* 200223.png */ = {isa = PBXFileReference; lastKnownFileType = image.png; path = 200223.png; sourceTree = "<group>"; };
		C35FC8B0289416CB0037F07C /* 210223.jpg */ = {isa = PBXFileReference; lastKnownFileType = image.jpeg; path = 210223.jpg; sourceTree = "<group>"; };
		C35FC8B1289416CB0037F07C /* 200622.jpg */ = {isa = PBXFileReference; lastKnownFileType = image.jpeg; path = 200622.jpg; sourceTree = "<group>"; };
		C35FC8B2289416CB0037F07C /* 220621.jpg */ = {isa = PBXFileReference; lastKnownFileType = image.jpeg; path = 220621.jpg; sourceTree = "<group>"; };
		C35FC8B3289416CB0037F07C /* 220220.jpg */ = {isa = PBXFileReference; lastKnownFileType = image.jpeg; path = 220220.jpg; sourceTree = "<group>"; };
		C35FC8B4289416CB0037F07C /* donate.png */ = {isa = PBXFileReference; lastKnownFileType = image.png; path = donate.png; sourceTree = "<group>"; };
		C35FC8B5289416CB0037F07C /* bg.png */ = {isa = PBXFileReference; lastKnownFileType = image.png; path = bg.png; sourceTree = "<group>"; };
		C35FC8B6289416CB0037F07C /* toss.gif */ = {isa = PBXFileReference; lastKnownFileType = image.gif; path = toss.gif; sourceTree = "<group>"; };
		C35FC8B7289416CB0037F07C /* OFL.md */ = {isa = PBXFileReference; fileEncoding = 4; lastKnownFileType = net.daringfireball.markdown; path = OFL.md; sourceTree = "<group>"; };
		C35FC8B8289416CB0037F07C /* THIRD-PARTY-LICENSES.txt */ = {isa = PBXFileReference; fileEncoding = 4; lastKnownFileType = text; path = "THIRD-PARTY-LICENSES.txt"; sourceTree = "<group>"; };
		C35FC8B9289416CB0037F07C /* sponsors.md */ = {isa = PBXFileReference; fileEncoding = 4; lastKnownFileType = net.daringfireball.markdown; path = sponsors.md; sourceTree = "<group>"; };
		C35FC8BB289416CB0037F07C /* Galmuri11.kbits */ = {isa = PBXFileReference; lastKnownFileType = file; path = Galmuri11.kbits; sourceTree = "<group>"; };
		C35FC8BC289416CB0037F07C /* Galmuri7.kbits */ = {isa = PBXFileReference; lastKnownFileType = file; path = Galmuri7.kbits; sourceTree = "<group>"; };
		C35FC8BD289416CB0037F07C /* Galmuri11-Bold.kbits */ = {isa = PBXFileReference; lastKnownFileType = file; path = "Galmuri11-Bold.kbits"; sourceTree = "<group>"; };
		C35FC8BE289416CB0037F07C /* Galmuri9.kbits */ = {isa = PBXFileReference; lastKnownFileType = file; path = Galmuri9.kbits; sourceTree = "<group>"; };
		C35FC8BF289416CB0037F07C /* Galmuri11-Condensed.kbits */ = {isa = PBXFileReference; lastKnownFileType = file; path = "Galmuri11-Condensed.kbits"; sourceTree = "<group>"; };
		C362ADBF288A7A2B00A0D917 /* TamagotchiProject.app */ = {isa = PBXFileReference; explicitFileType = wrapper.application; includeInIndex = 0; path = TamagotchiProject.app; sourceTree = BUILT_PRODUCTS_DIR; };
		C362ADC2288A7A2B00A0D917 /* AppDelegate.swift */ = {isa = PBXFileReference; lastKnownFileType = sourcecode.swift; path = AppDelegate.swift; sourceTree = "<group>"; };
		C362ADC4288A7A2B00A0D917 /* SceneDelegate.swift */ = {isa = PBXFileReference; lastKnownFileType = sourcecode.swift; path = SceneDelegate.swift; sourceTree = "<group>"; };
		C362ADC6288A7A2B00A0D917 /* ViewController.swift */ = {isa = PBXFileReference; lastKnownFileType = sourcecode.swift; path = ViewController.swift; sourceTree = "<group>"; };
		C362ADC9288A7A2B00A0D917 /* Base */ = {isa = PBXFileReference; lastKnownFileType = file.storyboard; name = Base; path = Base.lproj/Main.storyboard; sourceTree = "<group>"; };
		C362ADCB288A7A2C00A0D917 /* Assets.xcassets */ = {isa = PBXFileReference; lastKnownFileType = folder.assetcatalog; path = Assets.xcassets; sourceTree = "<group>"; };
		C362ADCE288A7A2C00A0D917 /* Base */ = {isa = PBXFileReference; lastKnownFileType = file.storyboard; name = Base; path = Base.lproj/LaunchScreen.storyboard; sourceTree = "<group>"; };
		C362ADD0288A7A2C00A0D917 /* Info.plist */ = {isa = PBXFileReference; lastKnownFileType = text.plist.xml; path = Info.plist; sourceTree = "<group>"; };
		C362ADDA288A931000A0D917 /* EntryCollectionViewController.swift */ = {isa = PBXFileReference; lastKnownFileType = sourcecode.swift; path = EntryCollectionViewController.swift; sourceTree = "<group>"; };
		C362ADDC288A935600A0D917 /* EntryCollectionViewCell.swift */ = {isa = PBXFileReference; lastKnownFileType = sourcecode.swift; path = EntryCollectionViewCell.swift; sourceTree = "<group>"; };
		C362ADDE288A94DC00A0D917 /* TamagochiDetails.swift */ = {isa = PBXFileReference; lastKnownFileType = sourcecode.swift; path = TamagochiDetails.swift; sourceTree = "<group>"; };
		C362ADE1288AAD8400A0D917 /* CustomAlertView.xib */ = {isa = PBXFileReference; lastKnownFileType = file.xib; path = CustomAlertView.xib; sourceTree = "<group>"; };
		C362ADE3288AADA300A0D917 /* CustomAlertView.swift */ = {isa = PBXFileReference; lastKnownFileType = sourcecode.swift; path = CustomAlertView.swift; sourceTree = "<group>"; };
		C362ADE5288ABFA500A0D917 /* AlertView.swift */ = {isa = PBXFileReference; lastKnownFileType = sourcecode.swift; path = AlertView.swift; sourceTree = "<group>"; };
		C362ADE7288ADF9100A0D917 /* PopUpViewController.swift */ = {isa = PBXFileReference; lastKnownFileType = sourcecode.swift; name = PopUpViewController.swift; path = TamagotchiProject/EntryView/PopUpViewController.swift; sourceTree = SOURCE_ROOT; };
		C362ADEC288BB5C100A0D917 /* MainGameViewController.swift */ = {isa = PBXFileReference; lastKnownFileType = sourcecode.swift; name = MainGameViewController.swift; path = TamagotchiProject/EntryView/MainGameViewController.swift; sourceTree = SOURCE_ROOT; };
		C362ADEE288C619B00A0D917 /* SettingTableViewController.swift */ = {isa = PBXFileReference; lastKnownFileType = sourcecode.swift; path = SettingTableViewController.swift; sourceTree = "<group>"; };
		C362ADF0288C61A900A0D917 /* SettingTableViewCell.swift */ = {isa = PBXFileReference; lastKnownFileType = sourcecode.swift; path = SettingTableViewCell.swift; sourceTree = "<group>"; };
/* End PBXFileReference section */

/* Begin PBXFrameworksBuildPhase section */
		C362ADBC288A7A2B00A0D917 /* Frameworks */ = {
			isa = PBXFrameworksBuildPhase;
			buildActionMask = 2147483647;
			files = (
			);
			runOnlyForDeploymentPostprocessing = 0;
		};
/* End PBXFrameworksBuildPhase section */

/* Begin PBXGroup section */
		C34C2D31288D526D00866432 /* ChangeNickName */ = {
			isa = PBXGroup;
			children = (
				C34C2D34288D52B300866432 /* ChangeNickNameViewController.swift */,
			);
			path = ChangeNickName;
			sourceTree = "<group>";
		};
		C35FC867289416AF0037F07C /* Font */ = {
			isa = PBXGroup;
			children = (
				C35FC868289416CB0037F07C /* galmuri-2.32.4 */,
			);
			path = Font;
			sourceTree = "<group>";
		};
		C35FC868289416CB0037F07C /* galmuri-2.32.4 */ = {
			isa = PBXGroup;
			children = (
				C35FC869289416CB0037F07C /* .npmignore */,
				C35FC86A289416CB0037F07C /* index.html */,
				C35FC86B289416CB0037F07C /* dist */,
				C35FC87E289416CB0037F07C /* CNAME */,
				C35FC87F289416CB0037F07C /* .gitmodules */,
				C35FC880289416CB0037F07C /* README.md */,
				C35FC881289416CB0037F07C /* bitsnpicas */,
				C35FC882289416CB0037F07C /* en.html */,
				C35FC883289416CB0037F07C /* glyphs.html */,
				C35FC884289416CB0037F07C /* package-lock.json */,
				C35FC885289416CB0037F07C /* package.json */,
				C35FC886289416CB0037F07C /* OFL-ko.md */,
				C35FC887289416CB0037F07C /* .github */,
				C35FC88C289416CB0037F07C /* files */,
				C35FC8B7289416CB0037F07C /* OFL.md */,
				C35FC8B8289416CB0037F07C /* THIRD-PARTY-LICENSES.txt */,
				C35FC8B9289416CB0037F07C /* sponsors.md */,
				C35FC8BA289416CB0037F07C /* src */,
			);
			path = "galmuri-2.32.4";
			sourceTree = "<group>";
		};
		C35FC86B289416CB0037F07C /* dist */ = {
			isa = PBXGroup;
			children = (
				C35FC86C289416CB0037F07C /* Galmuri11.woff2 */,
				C35FC86D289416CB0037F07C /* Galmuri7.woff2 */,
				C35FC86E289416CB0037F07C /* Galmuri11-Condensed.bdf */,
				C35FC86F289416CB0037F07C /* galmuri.css */,
				C35FC870289416CB0037F07C /* Galmuri.ttc */,
				C35FC871289416CB0037F07C /* Galmuri11-Bold.bdf */,
				C35FC872289416CB0037F07C /* Galmuri11.ttf */,
				C35FC873289416CB0037F07C /* Galmuri7.ttf */,
				C35FC874289416CB0037F07C /* Galmuri9.bdf */,
				C35FC875289416CB0037F07C /* Galmuri11-Bold.ttf */,
				C35FC876289416CB0037F07C /* Galmuri7.bdf */,
				C35FC877289416CB0037F07C /* Galmuri9.ttf */,
				C35FC878289416CB0037F07C /* Galmuri11.bdf */,
				C35FC879289416CB0037F07C /* Galmuri11-Bold.woff2 */,
				C35FC87A289416CB0037F07C /* Galmuri11-Condensed.ttf */,
				C35FC87B289416CB0037F07C /* Galmuri9.woff2 */,
				C35FC87C289416CB0037F07C /* LICENSE.txt */,
				C35FC87D289416CB0037F07C /* Galmuri11-Condensed.woff2 */,
			);
			path = dist;
			sourceTree = "<group>";
		};
		C35FC881289416CB0037F07C /* bitsnpicas */ = {
			isa = PBXGroup;
			children = (
			);
			path = bitsnpicas;
			sourceTree = "<group>";
		};
		C35FC887289416CB0037F07C /* .github */ = {
			isa = PBXGroup;
			children = (
				C35FC888289416CB0037F07C /* FUNDING.yml */,
				C35FC889289416CB0037F07C /* workflows */,
				C35FC88B289416CB0037F07C /* dependabot.yml */,
			);
			path = .github;
			sourceTree = "<group>";
		};
		C35FC889289416CB0037F07C /* workflows */ = {
			isa = PBXGroup;
			children = (
				C35FC88A289416CB0037F07C /* release.yml */,
			);
			path = workflows;
			sourceTree = "<group>";
		};
		C35FC88C289416CB0037F07C /* files */ = {
			isa = PBXGroup;
			children = (
				C35FC88D289416CB0037F07C /* bitmap.ff */,
				C35FC88E289416CB0037F07C /* toss.svg */,
				C35FC88F289416CB0037F07C /* g11.ini */,
				C35FC890289416CB0037F07C /* g11b.fea */,
				C35FC891289416CB0037F07C /* g11c.fea */,
				C35FC892289416CB0037F07C /* noonnu.png */,
				C35FC893289416CB0037F07C /* version.py */,
				C35FC894289416CB0037F07C /* g11.fea */,
				C35FC895289416CB0037F07C /* g11b.ini */,
				C35FC896289416CB0037F07C /* g11c.ini */,
				C35FC897289416CB0037F07C /* cover_light.png */,
				C35FC898289416CB0037F07C /* g9.fea */,
				C35FC899289416CB0037F07C /* kakaopay.gif */,
				C35FC89A289416CB0037F07C /* worker.js */,
				C35FC89B289416CB0037F07C /* bdf.js */,
				C35FC89C289416CB0037F07C /* fontforge.ff */,
				C35FC89D289416CB0037F07C /* galmuri.svg */,
				C35FC89E289416CB0037F07C /* g9.ini */,
				C35FC89F289416CB0037F07C /* q.svg */,
				C35FC8A0289416CB0037F07C /* FontMenuNameDB */,
				C35FC8A1289416CB0037F07C /* cover_dark.png */,
				C35FC8A2289416CB0037F07C /* g7.ini */,
				C35FC8A3289416CB0037F07C /* AdobeBlank.woff */,
				C35FC8A4289416CB0037F07C /* g7.fea */,
				C35FC8A5289416CB0037F07C /* kakaopay.svg */,
				C35FC8A6289416CB0037F07C /* style.css */,
				C35FC8A7289416CB0037F07C /* cover.png */,
				C35FC8A8289416CB0037F07C /* bgs.png */,
				C35FC8A9289416CB0037F07C /* sandoll.png */,
				C35FC8AA289416CB0037F07C /* showcase */,
				C35FC8B4289416CB0037F07C /* donate.png */,
				C35FC8B5289416CB0037F07C /* bg.png */,
				C35FC8B6289416CB0037F07C /* toss.gif */,
			);
			path = files;
			sourceTree = "<group>";
		};
		C35FC8AA289416CB0037F07C /* showcase */ = {
			isa = PBXGroup;
			children = (
				C35FC8AB289416CB0037F07C /* 210105.jpg */,
				C35FC8AC289416CB0037F07C /* 201221.jpg */,
				C35FC8AD289416CB0037F07C /* 210302.jpg */,
				C35FC8AE289416CB0037F07C /* 220507.png */,
				C35FC8AF289416CB0037F07C /* 200223.png */,
				C35FC8B0289416CB0037F07C /* 210223.jpg */,
				C35FC8B1289416CB0037F07C /* 200622.jpg */,
				C35FC8B2289416CB0037F07C /* 220621.jpg */,
				C35FC8B3289416CB0037F07C /* 220220.jpg */,
			);
			path = showcase;
			sourceTree = "<group>";
		};
		C35FC8BA289416CB0037F07C /* src */ = {
			isa = PBXGroup;
			children = (
				C35FC8BB289416CB0037F07C /* Galmuri11.kbits */,
				C35FC8BC289416CB0037F07C /* Galmuri7.kbits */,
				C35FC8BD289416CB0037F07C /* Galmuri11-Bold.kbits */,
				C35FC8BE289416CB0037F07C /* Galmuri9.kbits */,
				C35FC8BF289416CB0037F07C /* Galmuri11-Condensed.kbits */,
			);
			path = src;
			sourceTree = "<group>";
		};
		C362ADB6288A7A2B00A0D917 = {
			isa = PBXGroup;
			children = (
				C362ADC1288A7A2B00A0D917 /* TamagotchiProject */,
				C362ADC0288A7A2B00A0D917 /* Products */,
			);
			sourceTree = "<group>";
		};
		C362ADC0288A7A2B00A0D917 /* Products */ = {
			isa = PBXGroup;
			children = (
				C362ADBF288A7A2B00A0D917 /* TamagotchiProject.app */,
			);
			name = Products;
			sourceTree = "<group>";
		};
		C362ADC1288A7A2B00A0D917 /* TamagotchiProject */ = {
			isa = PBXGroup;
			children = (
				C35FC867289416AF0037F07C /* Font */,
				C34C2D31288D526D00866432 /* ChangeNickName */,
				C362ADE0288AAD6900A0D917 /* Alert */,
				C362ADD9288A921D00A0D917 /* SettingView */,
				C362ADD8288A921000A0D917 /* MainGameView */,
				C362ADD7288A91F200A0D917 /* TamagochiSelectView */,
				C362ADD6288A91E200A0D917 /* EntryView */,
				C362ADC2288A7A2B00A0D917 /* AppDelegate.swift */,
				C362ADC4288A7A2B00A0D917 /* SceneDelegate.swift */,
				C362ADC6288A7A2B00A0D917 /* ViewController.swift */,
				C362ADCB288A7A2C00A0D917 /* Assets.xcassets */,
				C362ADCD288A7A2C00A0D917 /* LaunchScreen.storyboard */,
				C362ADD0288A7A2C00A0D917 /* Info.plist */,
			);
			path = TamagotchiProject;
			sourceTree = "<group>";
		};
		C362ADD6288A91E200A0D917 /* EntryView */ = {
			isa = PBXGroup;
			children = (
				C362ADDC288A935600A0D917 /* EntryCollectionViewCell.swift */,
				C362ADDA288A931000A0D917 /* EntryCollectionViewController.swift */,
				C362ADC8288A7A2B00A0D917 /* Main.storyboard */,
				C362ADE7288ADF9100A0D917 /* PopUpViewController.swift */,
				C362ADDE288A94DC00A0D917 /* TamagochiDetails.swift */,
			);
			path = EntryView;
			sourceTree = "<group>";
		};
		C362ADD7288A91F200A0D917 /* TamagochiSelectView */ = {
			isa = PBXGroup;
			children = (
			);
			path = TamagochiSelectView;
			sourceTree = "<group>";
		};
		C362ADD8288A921000A0D917 /* MainGameView */ = {
			isa = PBXGroup;
			children = (
				C362ADEC288BB5C100A0D917 /* MainGameViewController.swift */,
			);
			path = MainGameView;
			sourceTree = "<group>";
		};
		C362ADD9288A921D00A0D917 /* SettingView */ = {
			isa = PBXGroup;
			children = (
				C362ADEE288C619B00A0D917 /* SettingTableViewController.swift */,
				C362ADF0288C61A900A0D917 /* SettingTableViewCell.swift */,
			);
			path = SettingView;
			sourceTree = "<group>";
		};
		C362ADE0288AAD6900A0D917 /* Alert */ = {
			isa = PBXGroup;
			children = (
				C362ADE5288ABFA500A0D917 /* AlertView.swift */,
				C362ADE3288AADA300A0D917 /* CustomAlertView.swift */,
				C362ADE1288AAD8400A0D917 /* CustomAlertView.xib */,
			);
			path = Alert;
			sourceTree = "<group>";
		};
/* End PBXGroup section */

/* Begin PBXNativeTarget section */
		C362ADBE288A7A2B00A0D917 /* TamagotchiProject */ = {
			isa = PBXNativeTarget;
			buildConfigurationList = C362ADD3288A7A2C00A0D917 /* Build configuration list for PBXNativeTarget "TamagotchiProject" */;
			buildPhases = (
				C362ADBB288A7A2B00A0D917 /* Sources */,
				C362ADBC288A7A2B00A0D917 /* Frameworks */,
				C362ADBD288A7A2B00A0D917 /* Resources */,
			);
			buildRules = (
			);
			dependencies = (
			);
			name = TamagotchiProject;
			productName = TamagotchiProject;
			productReference = C362ADBF288A7A2B00A0D917 /* TamagotchiProject.app */;
			productType = "com.apple.product-type.application";
		};
/* End PBXNativeTarget section */

/* Begin PBXProject section */
		C362ADB7288A7A2B00A0D917 /* Project object */ = {
			isa = PBXProject;
			attributes = {
				BuildIndependentTargetsInParallel = 1;
				KnownAssetTags = (
					11,
				);
				LastSwiftUpdateCheck = 1340;
				LastUpgradeCheck = 1340;
				TargetAttributes = {
					C362ADBE288A7A2B00A0D917 = {
						CreatedOnToolsVersion = 13.4.1;
					};
				};
			};
			buildConfigurationList = C362ADBA288A7A2B00A0D917 /* Build configuration list for PBXProject "TamagotchiProject" */;
			compatibilityVersion = "Xcode 13.0";
			developmentRegion = en;
			hasScannedForEncodings = 0;
			knownRegions = (
				en,
				Base,
			);
			mainGroup = C362ADB6288A7A2B00A0D917;
			productRefGroup = C362ADC0288A7A2B00A0D917 /* Products */;
			projectDirPath = "";
			projectRoot = "";
			targets = (
				C362ADBE288A7A2B00A0D917 /* TamagotchiProject */,
			);
		};
/* End PBXProject section */

/* Begin PBXResourcesBuildPhase section */
		C362ADBD288A7A2B00A0D917 /* Resources */ = {
			isa = PBXResourcesBuildPhase;
			buildActionMask = 2147483647;
			files = (
				C35FC902289416CB0037F07C /* 200622.jpg in Resources */,
				C35FC8E6289416CB0037F07C /* g11.fea in Resources */,
				C35FC8EB289416CB0037F07C /* kakaopay.gif in Resources */,
				C35FC8C4289416CB0037F07C /* Galmuri11-Condensed.bdf in Resources */,
				C35FC8EC289416CB0037F07C /* worker.js in Resources */,
				C35FC8E5289416CB0037F07C /* version.py in Resources */,
				C35FC8C6289416CB0037F07C /* Galmuri.ttc in Resources */,
				C35FC8FE289416CB0037F07C /* 210302.jpg in Resources */,
				C35FC8D1289416CB0037F07C /* Galmuri9.woff2 in Resources */,
				C35FC8F0289416CB0037F07C /* g9.ini in Resources */,
				C35FC8CA289416CB0037F07C /* Galmuri9.bdf in Resources */,
				C35FC8E9289416CB0037F07C /* cover_light.png in Resources */,
				C35FC904289416CB0037F07C /* 220220.jpg in Resources */,
				C35FC8E1289416CB0037F07C /* g11.ini in Resources */,
				C35FC8D8289416CB0037F07C /* glyphs.html in Resources */,
				C35FC909289416CB0037F07C /* THIRD-PARTY-LICENSES.txt in Resources */,
				C35FC8C3289416CB0037F07C /* Galmuri7.woff2 in Resources */,
				C35FC8DD289416CB0037F07C /* release.yml in Resources */,
				C35FC8F5289416CB0037F07C /* AdobeBlank.woff in Resources */,
				C35FC8C2289416CB0037F07C /* Galmuri11.woff2 in Resources */,
				C35FC8F6289416CB0037F07C /* g7.fea in Resources */,
				C35FC906289416CB0037F07C /* bg.png in Resources */,
				C35FC90D289416CB0037F07C /* Galmuri11-Bold.kbits in Resources */,
				C35FC907289416CB0037F07C /* toss.gif in Resources */,
				C35FC8D3289416CB0037F07C /* Galmuri11-Condensed.woff2 in Resources */,
				C35FC8C5289416CB0037F07C /* galmuri.css in Resources */,
				C35FC8C7289416CB0037F07C /* Galmuri11-Bold.bdf in Resources */,
				C35FC8D7289416CB0037F07C /* en.html in Resources */,
				C35FC8C0289416CB0037F07C /* .npmignore in Resources */,
				C362ADCF288A7A2C00A0D917 /* LaunchScreen.storyboard in Resources */,
				C35FC8E7289416CB0037F07C /* g11b.ini in Resources */,
				C35FC908289416CB0037F07C /* OFL.md in Resources */,
				C35FC8FF289416CB0037F07C /* 220507.png in Resources */,
				C35FC8D0289416CB0037F07C /* Galmuri11-Condensed.ttf in Resources */,
				C35FC90C289416CB0037F07C /* Galmuri7.kbits in Resources */,
				C35FC8E8289416CB0037F07C /* g11c.ini in Resources */,
				C35FC8FC289416CB0037F07C /* 210105.jpg in Resources */,
				C35FC90E289416CB0037F07C /* Galmuri9.kbits in Resources */,
				C35FC8D4289416CB0037F07C /* CNAME in Resources */,
				C35FC90F289416CB0037F07C /* Galmuri11-Condensed.kbits in Resources */,
				C35FC8DE289416CB0037F07C /* dependabot.yml in Resources */,
				C35FC901289416CB0037F07C /* 210223.jpg in Resources */,
				C35FC8DA289416CB0037F07C /* package.json in Resources */,
				C35FC8DB289416CB0037F07C /* OFL-ko.md in Resources */,
				C35FC8C9289416CB0037F07C /* Galmuri7.ttf in Resources */,
				C35FC8F7289416CB0037F07C /* kakaopay.svg in Resources */,
				C35FC905289416CB0037F07C /* donate.png in Resources */,
				C35FC8FD289416CB0037F07C /* 201221.jpg in Resources */,
				C35FC8F8289416CB0037F07C /* style.css in Resources */,
				C35FC8EA289416CB0037F07C /* g9.fea in Resources */,
				C35FC8F1289416CB0037F07C /* q.svg in Resources */,
				C35FC8DF289416CB0037F07C /* bitmap.ff in Resources */,
				C35FC8CE289416CB0037F07C /* Galmuri11.bdf in Resources */,
				C35FC8D9289416CB0037F07C /* package-lock.json in Resources */,
				C35FC8D6289416CB0037F07C /* README.md in Resources */,
				C362ADCC288A7A2C00A0D917 /* Assets.xcassets in Resources */,
				C35FC903289416CB0037F07C /* 220621.jpg in Resources */,
				C35FC8F4289416CB0037F07C /* g7.ini in Resources */,
				C35FC8CC289416CB0037F07C /* Galmuri7.bdf in Resources */,
				C35FC8CD289416CB0037F07C /* Galmuri9.ttf in Resources */,
				C35FC8FB289416CB0037F07C /* sandoll.png in Resources */,
				C35FC8E4289416CB0037F07C /* noonnu.png in Resources */,
				C35FC8D5289416CB0037F07C /* .gitmodules in Resources */,
				C35FC8EF289416CB0037F07C /* galmuri.svg in Resources */,
				C35FC8D2289416CB0037F07C /* LICENSE.txt in Resources */,
				C35FC90B289416CB0037F07C /* Galmuri11.kbits in Resources */,
				C35FC8C8289416CB0037F07C /* Galmuri11.ttf in Resources */,
				C35FC8EE289416CB0037F07C /* fontforge.ff in Resources */,
				C35FC8CF289416CB0037F07C /* Galmuri11-Bold.woff2 in Resources */,
				C35FC8DC289416CB0037F07C /* FUNDING.yml in Resources */,
				C35FC8F9289416CB0037F07C /* cover.png in Resources */,
				C35FC8E2289416CB0037F07C /* g11b.fea in Resources */,
				C35FC90A289416CB0037F07C /* sponsors.md in Resources */,
				C35FC8C1289416CB0037F07C /* index.html in Resources */,
				C362ADE2288AAD8400A0D917 /* CustomAlertView.xib in Resources */,
				C35FC8F3289416CB0037F07C /* cover_dark.png in Resources */,
				C35FC8ED289416CB0037F07C /* bdf.js in Resources */,
				C35FC900289416CB0037F07C /* 200223.png in Resources */,
				C35FC8FA289416CB0037F07C /* bgs.png in Resources */,
				C35FC8F2289416CB0037F07C /* FontMenuNameDB in Resources */,
				C362ADCA288A7A2B00A0D917 /* Main.storyboard in Resources */,
				C35FC8E0289416CB0037F07C /* toss.svg in Resources */,
				C35FC8E3289416CB0037F07C /* g11c.fea in Resources */,
				C35FC8CB289416CB0037F07C /* Galmuri11-Bold.ttf in Resources */,
			);
			runOnlyForDeploymentPostprocessing = 0;
		};
/* End PBXResourcesBuildPhase section */

/* Begin PBXSourcesBuildPhase section */
		C362ADBB288A7A2B00A0D917 /* Sources */ = {
			isa = PBXSourcesBuildPhase;
			buildActionMask = 2147483647;
			files = (
				C362ADC7288A7A2B00A0D917 /* ViewController.swift in Sources */,
				C362ADE4288AADA300A0D917 /* CustomAlertView.swift in Sources */,
				C362ADC3288A7A2B00A0D917 /* AppDelegate.swift in Sources */,
				C362ADC5288A7A2B00A0D917 /* SceneDelegate.swift in Sources */,
				C362ADDD288A935600A0D917 /* EntryCollectionViewCell.swift in Sources */,
				C362ADE6288ABFA500A0D917 /* AlertView.swift in Sources */,
				C362ADF1288C61A900A0D917 /* SettingTableViewCell.swift in Sources */,
				C362ADDF288A94DC00A0D917 /* TamagochiDetails.swift in Sources */,
				C362ADEF288C619B00A0D917 /* SettingTableViewController.swift in Sources */,
				C362ADE8288ADF9100A0D917 /* PopUpViewController.swift in Sources */,
				C34C2D35288D52B300866432 /* ChangeNickNameViewController.swift in Sources */,
				C362ADDB288A931000A0D917 /* EntryCollectionViewController.swift in Sources */,
				C362ADED288BB5C100A0D917 /* MainGameViewController.swift in Sources */,
			);
			runOnlyForDeploymentPostprocessing = 0;
		};
/* End PBXSourcesBuildPhase section */

/* Begin PBXVariantGroup section */
		C362ADC8288A7A2B00A0D917 /* Main.storyboard */ = {
			isa = PBXVariantGroup;
			children = (
				C362ADC9288A7A2B00A0D917 /* Base */,
			);
			name = Main.storyboard;
			sourceTree = "<group>";
		};
		C362ADCD288A7A2C00A0D917 /* LaunchScreen.storyboard */ = {
			isa = PBXVariantGroup;
			children = (
				C362ADCE288A7A2C00A0D917 /* Base */,
			);
			name = LaunchScreen.storyboard;
			sourceTree = "<group>";
		};
/* End PBXVariantGroup section */

/* Begin XCBuildConfiguration section */
		C362ADD1288A7A2C00A0D917 /* Debug */ = {
			isa = XCBuildConfiguration;
			buildSettings = {
				ALWAYS_SEARCH_USER_PATHS = NO;
				CLANG_ANALYZER_NONNULL = YES;
				CLANG_ANALYZER_NUMBER_OBJECT_CONVERSION = YES_AGGRESSIVE;
				CLANG_CXX_LANGUAGE_STANDARD = "gnu++17";
				CLANG_ENABLE_MODULES = YES;
				CLANG_ENABLE_OBJC_ARC = YES;
				CLANG_ENABLE_OBJC_WEAK = YES;
				CLANG_WARN_BLOCK_CAPTURE_AUTORELEASING = YES;
				CLANG_WARN_BOOL_CONVERSION = YES;
				CLANG_WARN_COMMA = YES;
				CLANG_WARN_CONSTANT_CONVERSION = YES;
				CLANG_WARN_DEPRECATED_OBJC_IMPLEMENTATIONS = YES;
				CLANG_WARN_DIRECT_OBJC_ISA_USAGE = YES_ERROR;
				CLANG_WARN_DOCUMENTATION_COMMENTS = YES;
				CLANG_WARN_EMPTY_BODY = YES;
				CLANG_WARN_ENUM_CONVERSION = YES;
				CLANG_WARN_INFINITE_RECURSION = YES;
				CLANG_WARN_INT_CONVERSION = YES;
				CLANG_WARN_NON_LITERAL_NULL_CONVERSION = YES;
				CLANG_WARN_OBJC_IMPLICIT_RETAIN_SELF = YES;
				CLANG_WARN_OBJC_LITERAL_CONVERSION = YES;
				CLANG_WARN_OBJC_ROOT_CLASS = YES_ERROR;
				CLANG_WARN_QUOTED_INCLUDE_IN_FRAMEWORK_HEADER = YES;
				CLANG_WARN_RANGE_LOOP_ANALYSIS = YES;
				CLANG_WARN_STRICT_PROTOTYPES = YES;
				CLANG_WARN_SUSPICIOUS_MOVE = YES;
				CLANG_WARN_UNGUARDED_AVAILABILITY = YES_AGGRESSIVE;
				CLANG_WARN_UNREACHABLE_CODE = YES;
				CLANG_WARN__DUPLICATE_METHOD_MATCH = YES;
				COPY_PHASE_STRIP = NO;
				DEBUG_INFORMATION_FORMAT = dwarf;
				ENABLE_STRICT_OBJC_MSGSEND = YES;
				ENABLE_TESTABILITY = YES;
				GCC_C_LANGUAGE_STANDARD = gnu11;
				GCC_DYNAMIC_NO_PIC = NO;
				GCC_NO_COMMON_BLOCKS = YES;
				GCC_OPTIMIZATION_LEVEL = 0;
				GCC_PREPROCESSOR_DEFINITIONS = (
					"DEBUG=1",
					"$(inherited)",
				);
				GCC_WARN_64_TO_32_BIT_CONVERSION = YES;
				GCC_WARN_ABOUT_RETURN_TYPE = YES_ERROR;
				GCC_WARN_UNDECLARED_SELECTOR = YES;
				GCC_WARN_UNINITIALIZED_AUTOS = YES_AGGRESSIVE;
				GCC_WARN_UNUSED_FUNCTION = YES;
				GCC_WARN_UNUSED_VARIABLE = YES;
				IPHONEOS_DEPLOYMENT_TARGET = 15.5;
				MTL_ENABLE_DEBUG_INFO = INCLUDE_SOURCE;
				MTL_FAST_MATH = YES;
				ONLY_ACTIVE_ARCH = YES;
				SDKROOT = iphoneos;
				SWIFT_ACTIVE_COMPILATION_CONDITIONS = DEBUG;
				SWIFT_OPTIMIZATION_LEVEL = "-Onone";
			};
			name = Debug;
		};
		C362ADD2288A7A2C00A0D917 /* Release */ = {
			isa = XCBuildConfiguration;
			buildSettings = {
				ALWAYS_SEARCH_USER_PATHS = NO;
				CLANG_ANALYZER_NONNULL = YES;
				CLANG_ANALYZER_NUMBER_OBJECT_CONVERSION = YES_AGGRESSIVE;
				CLANG_CXX_LANGUAGE_STANDARD = "gnu++17";
				CLANG_ENABLE_MODULES = YES;
				CLANG_ENABLE_OBJC_ARC = YES;
				CLANG_ENABLE_OBJC_WEAK = YES;
				CLANG_WARN_BLOCK_CAPTURE_AUTORELEASING = YES;
				CLANG_WARN_BOOL_CONVERSION = YES;
				CLANG_WARN_COMMA = YES;
				CLANG_WARN_CONSTANT_CONVERSION = YES;
				CLANG_WARN_DEPRECATED_OBJC_IMPLEMENTATIONS = YES;
				CLANG_WARN_DIRECT_OBJC_ISA_USAGE = YES_ERROR;
				CLANG_WARN_DOCUMENTATION_COMMENTS = YES;
				CLANG_WARN_EMPTY_BODY = YES;
				CLANG_WARN_ENUM_CONVERSION = YES;
				CLANG_WARN_INFINITE_RECURSION = YES;
				CLANG_WARN_INT_CONVERSION = YES;
				CLANG_WARN_NON_LITERAL_NULL_CONVERSION = YES;
				CLANG_WARN_OBJC_IMPLICIT_RETAIN_SELF = YES;
				CLANG_WARN_OBJC_LITERAL_CONVERSION = YES;
				CLANG_WARN_OBJC_ROOT_CLASS = YES_ERROR;
				CLANG_WARN_QUOTED_INCLUDE_IN_FRAMEWORK_HEADER = YES;
				CLANG_WARN_RANGE_LOOP_ANALYSIS = YES;
				CLANG_WARN_STRICT_PROTOTYPES = YES;
				CLANG_WARN_SUSPICIOUS_MOVE = YES;
				CLANG_WARN_UNGUARDED_AVAILABILITY = YES_AGGRESSIVE;
				CLANG_WARN_UNREACHABLE_CODE = YES;
				CLANG_WARN__DUPLICATE_METHOD_MATCH = YES;
				COPY_PHASE_STRIP = NO;
				DEBUG_INFORMATION_FORMAT = "dwarf-with-dsym";
				ENABLE_NS_ASSERTIONS = NO;
				ENABLE_STRICT_OBJC_MSGSEND = YES;
				GCC_C_LANGUAGE_STANDARD = gnu11;
				GCC_NO_COMMON_BLOCKS = YES;
				GCC_WARN_64_TO_32_BIT_CONVERSION = YES;
				GCC_WARN_ABOUT_RETURN_TYPE = YES_ERROR;
				GCC_WARN_UNDECLARED_SELECTOR = YES;
				GCC_WARN_UNINITIALIZED_AUTOS = YES_AGGRESSIVE;
				GCC_WARN_UNUSED_FUNCTION = YES;
				GCC_WARN_UNUSED_VARIABLE = YES;
				IPHONEOS_DEPLOYMENT_TARGET = 15.5;
				MTL_ENABLE_DEBUG_INFO = NO;
				MTL_FAST_MATH = YES;
				SDKROOT = iphoneos;
				SWIFT_COMPILATION_MODE = wholemodule;
				SWIFT_OPTIMIZATION_LEVEL = "-O";
				VALIDATE_PRODUCT = YES;
			};
			name = Release;
		};
		C362ADD4288A7A2C00A0D917 /* Debug */ = {
			isa = XCBuildConfiguration;
			buildSettings = {
				ASSETCATALOG_COMPILER_APPICON_NAME = AppIcon;
				ASSETCATALOG_COMPILER_GLOBAL_ACCENT_COLOR_NAME = AccentColor;
				CODE_SIGN_STYLE = Automatic;
				CURRENT_PROJECT_VERSION = 1;
				DEVELOPMENT_TEAM = 48S4T8HCYX;
				GENERATE_INFOPLIST_FILE = YES;
				INFOPLIST_FILE = TamagotchiProject/Info.plist;
				INFOPLIST_KEY_CFBundleDisplayName = "노준혁";
				INFOPLIST_KEY_UIApplicationSupportsIndirectInputEvents = YES;
				INFOPLIST_KEY_UILaunchStoryboardName = LaunchScreen;
				INFOPLIST_KEY_UIMainStoryboardFile = Main;
				INFOPLIST_KEY_UISupportedInterfaceOrientations = UIInterfaceOrientationPortrait;
				INFOPLIST_KEY_UISupportedInterfaceOrientations_iPad = "UIInterfaceOrientationPortrait UIInterfaceOrientationPortraitUpsideDown UIInterfaceOrientationLandscapeLeft UIInterfaceOrientationLandscapeRight";
				INFOPLIST_KEY_UISupportedInterfaceOrientations_iPhone = "UIInterfaceOrientationPortrait UIInterfaceOrientationLandscapeLeft UIInterfaceOrientationLandscapeRight";
				IPHONEOS_DEPLOYMENT_TARGET = 15.0;
				LD_RUNPATH_SEARCH_PATHS = (
					"$(inherited)",
					"@executable_path/Frameworks",
				);
				MARKETING_VERSION = 1.0;
				PRODUCT_BUNDLE_IDENTIFIER = com.jun.TamagotchiProject;
				PRODUCT_NAME = "$(TARGET_NAME)";
				SWIFT_EMIT_LOC_STRINGS = YES;
				SWIFT_VERSION = 5.0;
				TARGETED_DEVICE_FAMILY = 1;
			};
			name = Debug;
		};
		C362ADD5288A7A2C00A0D917 /* Release */ = {
			isa = XCBuildConfiguration;
			buildSettings = {
				ASSETCATALOG_COMPILER_APPICON_NAME = AppIcon;
				ASSETCATALOG_COMPILER_GLOBAL_ACCENT_COLOR_NAME = AccentColor;
				CODE_SIGN_STYLE = Automatic;
				CURRENT_PROJECT_VERSION = 1;
				DEVELOPMENT_TEAM = 48S4T8HCYX;
				GENERATE_INFOPLIST_FILE = YES;
				INFOPLIST_FILE = TamagotchiProject/Info.plist;
				INFOPLIST_KEY_CFBundleDisplayName = "노준혁";
				INFOPLIST_KEY_UIApplicationSupportsIndirectInputEvents = YES;
				INFOPLIST_KEY_UILaunchStoryboardName = LaunchScreen;
				INFOPLIST_KEY_UIMainStoryboardFile = Main;
				INFOPLIST_KEY_UISupportedInterfaceOrientations = UIInterfaceOrientationPortrait;
				INFOPLIST_KEY_UISupportedInterfaceOrientations_iPad = "UIInterfaceOrientationPortrait UIInterfaceOrientationPortraitUpsideDown UIInterfaceOrientationLandscapeLeft UIInterfaceOrientationLandscapeRight";
				INFOPLIST_KEY_UISupportedInterfaceOrientations_iPhone = "UIInterfaceOrientationPortrait UIInterfaceOrientationLandscapeLeft UIInterfaceOrientationLandscapeRight";
				IPHONEOS_DEPLOYMENT_TARGET = 15.0;
				LD_RUNPATH_SEARCH_PATHS = (
					"$(inherited)",
					"@executable_path/Frameworks",
				);
				MARKETING_VERSION = 1.0;
				PRODUCT_BUNDLE_IDENTIFIER = com.jun.TamagotchiProject;
				PRODUCT_NAME = "$(TARGET_NAME)";
				SWIFT_EMIT_LOC_STRINGS = YES;
				SWIFT_VERSION = 5.0;
				TARGETED_DEVICE_FAMILY = 1;
			};
			name = Release;
		};
/* End XCBuildConfiguration section */

/* Begin XCConfigurationList section */
		C362ADBA288A7A2B00A0D917 /* Build configuration list for PBXProject "TamagotchiProject" */ = {
			isa = XCConfigurationList;
			buildConfigurations = (
				C362ADD1288A7A2C00A0D917 /* Debug */,
				C362ADD2288A7A2C00A0D917 /* Release */,
			);
			defaultConfigurationIsVisible = 0;
			defaultConfigurationName = Release;
		};
		C362ADD3288A7A2C00A0D917 /* Build configuration list for PBXNativeTarget "TamagotchiProject" */ = {
			isa = XCConfigurationList;
			buildConfigurations = (
				C362ADD4288A7A2C00A0D917 /* Debug */,
				C362ADD5288A7A2C00A0D917 /* Release */,
			);
			defaultConfigurationIsVisible = 0;
			defaultConfigurationName = Release;
		};
/* End XCConfigurationList section */
	};
	rootObject = C362ADB7288A7A2B00A0D917 /* Project object */;
}
